
Microsoft Visual Studio Solution File, Format Version 12.00
# Visual Studio Version 17
VisualStudioVersion = 17.1.32228.430
MinimumVisualStudioVersion = 10.0.40219.1
Project("{2150E333-8FDC-42A3-9474-1A3956D46DE8}") = "Solution Items", "Solution Items", "{4EB4B3CE-FE86-47B4-9F6B-B08ED2197E80}"
	ProjectSection(SolutionItems) = preProject
		README.md = README.md
	EndProjectSection
EndProject
Project("{9A19103F-16F7-4668-BE54-9A1E7A4F7556}") = "RP.Web", "src\RP.Web\RP.Web.csproj", "{9361921F-C780-4350-9F63-D28DC11E9A5B}"
EndProject
Global
	GlobalSection(SolutionConfigurationPlatforms) = preSolution
		Debug|Any CPU = Debug|Any CPU
		Debug|ARM64 = Debug|ARM64
		Release|Any CPU = Release|Any CPU
		Release|ARM64 = Release|ARM64
	EndGlobalSection
	GlobalSection(ProjectConfigurationPlatforms) = postSolution
		{9361921F-C780-4350-9F63-D28DC11E9A5B}.Debug|Any CPU.ActiveCfg = Debug|Any CPU
		{9361921F-C780-4350-9F63-D28DC11E9A5B}.Debug|Any CPU.Build.0 = Debug|Any CPU
		{9361921F-C780-4350-9F63-D28DC11E9A5B}.Debug|ARM64.ActiveCfg = Debug|ARM64
		{9361921F-C780-4350-9F63-D28DC11E9A5B}.Debug|ARM64.Build.0 = Debug|ARM64
		{9361921F-C780-4350-9F63-D28DC11E9A5B}.Release|Any CPU.ActiveCfg = Release|Any CPU
		{9361921F-C780-4350-9F63-D28DC11E9A5B}.Release|Any CPU.Build.0 = Release|Any CPU
		{9361921F-C780-4350-9F63-D28DC11E9A5B}.Release|ARM64.ActiveCfg = Release|ARM64
		{9361921F-C780-4350-9F63-D28DC11E9A5B}.Release|ARM64.Build.0 = Release|ARM64
	EndGlobalSection
	GlobalSection(SolutionProperties) = preSolution
		HideSolutionNode = FALSE
	EndGlobalSection
	GlobalSection(ExtensibilityGlobals) = postSolution
		SolutionGuid = {D685961B-4545-4DE3-B370-8CE9A6544C33}
	EndGlobalSection
EndGlobal
