
Microsoft Visual Studio Solution File, Format Version 12.00
# Visual Studio Version 17
VisualStudioVersion = 17.1.32228.430
MinimumVisualStudioVersion = 10.0.40219.1
Project("{2150E333-8FDC-42A3-9474-1A3956D46DE8}") = "Solution Items", "Solution Items", "{4EB4B3CE-FE86-47B4-9F6B-B08ED2197E80}"
	ProjectSection(SolutionItems) = preProject
		README.md = README.md
	EndProjectSection
EndProject
Project("{FAE04EC0-301F-11D3-BF4B-00C04F79EFBC}") = "Cyjack.Functions", "src\Cyjack.Functions\Cyjack.Functions.csproj", "{BC7BE989-CFE5-47E5-B1D5-D8DF13194564}"
EndProject
Project("{FAE04EC0-301F-11D3-BF4B-00C04F79EFBC}") = "Cyjack", "src\Cyjack\Cyjack.csproj", "{BBABE9D4-1E9B-49AA-A03C-FC6B00734787}"
EndProject
Project("{9A19103F-16F7-4668-BE54-9A1E7A4F7556}") = "Cyjack.Web", "src\Cyjack.Web\Cyjack.Web.csproj", "{350F83AA-297E-4059-9288-115BEBA9D776}"
EndProject
Global
	GlobalSection(SolutionConfigurationPlatforms) = preSolution
		Debug|Any CPU = Debug|Any CPU
		Debug|ARM64 = Debug|ARM64
		Release|Any CPU = Release|Any CPU
		Release|ARM64 = Release|ARM64
	EndGlobalSection
	GlobalSection(ProjectConfigurationPlatforms) = postSolution
		{BC7BE989-CFE5-47E5-B1D5-D8DF13194564}.Debug|Any CPU.ActiveCfg = Debug|Any CPU
		{BC7BE989-CFE5-47E5-B1D5-D8DF13194564}.Debug|Any CPU.Build.0 = Debug|Any CPU
		{BC7BE989-CFE5-47E5-B1D5-D8DF13194564}.Debug|ARM64.ActiveCfg = Debug|Any CPU
		{BC7BE989-CFE5-47E5-B1D5-D8DF13194564}.Debug|ARM64.Build.0 = Debug|Any CPU
		{BC7BE989-CFE5-47E5-B1D5-D8DF13194564}.Release|Any CPU.ActiveCfg = Release|Any CPU
		{BC7BE989-CFE5-47E5-B1D5-D8DF13194564}.Release|Any CPU.Build.0 = Release|Any CPU
		{BC7BE989-CFE5-47E5-B1D5-D8DF13194564}.Release|ARM64.ActiveCfg = Release|Any CPU
		{BC7BE989-CFE5-47E5-B1D5-D8DF13194564}.Release|ARM64.Build.0 = Release|Any CPU
		{BBABE9D4-1E9B-49AA-A03C-FC6B00734787}.Debug|Any CPU.ActiveCfg = Debug|Any CPU
		{BBABE9D4-1E9B-49AA-A03C-FC6B00734787}.Debug|Any CPU.Build.0 = Debug|Any CPU
		{BBABE9D4-1E9B-49AA-A03C-FC6B00734787}.Debug|ARM64.ActiveCfg = Debug|Any CPU
		{BBABE9D4-1E9B-49AA-A03C-FC6B00734787}.Debug|ARM64.Build.0 = Debug|Any CPU
		{BBABE9D4-1E9B-49AA-A03C-FC6B00734787}.Release|Any CPU.ActiveCfg = Release|Any CPU
		{BBABE9D4-1E9B-49AA-A03C-FC6B00734787}.Release|Any CPU.Build.0 = Release|Any CPU
		{BBABE9D4-1E9B-49AA-A03C-FC6B00734787}.Release|ARM64.ActiveCfg = Release|Any CPU
		{BBABE9D4-1E9B-49AA-A03C-FC6B00734787}.Release|ARM64.Build.0 = Release|Any CPU
		{350F83AA-297E-4059-9288-115BEBA9D776}.Debug|Any CPU.ActiveCfg = Debug|ARM64
		{350F83AA-297E-4059-9288-115BEBA9D776}.Debug|Any CPU.Build.0 = Debug|ARM64
		{350F83AA-297E-4059-9288-115BEBA9D776}.Debug|ARM64.ActiveCfg = Debug|ARM64
		{350F83AA-297E-4059-9288-115BEBA9D776}.Debug|ARM64.Build.0 = Debug|ARM64
		{350F83AA-297E-4059-9288-115BEBA9D776}.Release|Any CPU.ActiveCfg = Release|ARM64
		{350F83AA-297E-4059-9288-115BEBA9D776}.Release|Any CPU.Build.0 = Release|ARM64
		{350F83AA-297E-4059-9288-115BEBA9D776}.Release|ARM64.ActiveCfg = Release|ARM64
		{350F83AA-297E-4059-9288-115BEBA9D776}.Release|ARM64.Build.0 = Release|ARM64
	EndGlobalSection
	GlobalSection(SolutionProperties) = preSolution
		HideSolutionNode = FALSE
	EndGlobalSection
	GlobalSection(ExtensibilityGlobals) = postSolution
		SolutionGuid = {D685961B-4545-4DE3-B370-8CE9A6544C33}
	EndGlobalSection
EndGlobal
